
Microsoft Visual Studio Solution File, Format Version 12.00
# Visual Studio Version 16
VisualStudioVersion = 16.0.32802.440
MinimumVisualStudioVersion = 10.0.40219.1
Project("{FAE04EC0-301F-11D3-BF4B-00C04F79EFBC}") = "ConsoleApp1", "ConsoleApp1\ConsoleApp1.csproj", "{9A12DF05-CCEB-4E59-8629-FBBE47B96F9B}"
EndProject
Global
	GlobalSection(SolutionConfigurationPlatforms) = preSolution
		Debug|Any CPU = Debug|Any CPU
		Release|Any CPU = Release|Any CPU
	EndGlobalSection
	GlobalSection(ProjectConfigurationPlatforms) = postSolution
		{9A12DF05-CCEB-4E59-8629-FBBE47B96F9B}.Debug|Any CPU.ActiveCfg = Debug|Any CPU
		{9A12DF05-CCEB-4E59-8629-FBBE47B96F9B}.Debug|Any CPU.Build.0 = Debug|Any CPU
		{9A12DF05-CCEB-4E59-8629-FBBE47B96F9B}.Release|Any CPU.ActiveCfg = Release|Any CPU
		{9A12DF05-CCEB-4E59-8629-FBBE47B96F9B}.Release|Any CPU.Build.0 = Release|Any CPU
	EndGlobalSection
	GlobalSection(SolutionProperties) = preSolution
		HideSolutionNode = FALSE
	EndGlobalSection
	GlobalSection(ExtensibilityGlobals) = postSolution
		SolutionGuid = {9A3BAD99-783F-4515-BB97-F1B93BFF23BD}
	EndGlobalSection
EndGlobal
